
Microsoft Visual Studio Solution File, Format Version 12.00
# Visual Studio 15
Project("{FAE04EC0-301F-11D3-BF4B-00C04F79EFBC}") = "lab3", "lab3.csproj", "{625F7D89-1435-48C7-820C-13E4360B9C62}"
EndProject
Global
	GlobalSection(SolutionConfigurationPlatforms) = preSolution
		Debug|anycpu = Debug|anycpu
		Release|anycpu = Release|anycpu
	EndGlobalSection
	GlobalSection(ProjectConfigurationPlatforms) = postSolution
		{625F7D89-1435-48C7-820C-13E4360B9C62}.Debug|anycpu.ActiveCfg = Debug|anycpu
		{625F7D89-1435-48C7-820C-13E4360B9C62}.Debug|anycpu.Build.0 = Debug|anycpu
		{625F7D89-1435-48C7-820C-13E4360B9C62}.Release|anycpu.ActiveCfg = Release|anycpu
		{625F7D89-1435-48C7-820C-13E4360B9C62}.Release|anycpu.Build.0 = Release|anycpu
	EndGlobalSection
EndGlobal
